
Microsoft Visual Studio Solution File, Format Version 12.00
# Visual Studio 14
VisualStudioVersion = 14.0.25420.1
MinimumVisualStudioVersion = 10.0.40219.1
Project("{FAE04EC0-301F-11D3-BF4B-00C04F79EFBC}") = "ControleCustos.Web", "ControleCustos\ControleCustos.Web.csproj", "{C23FA406-9054-4C35-B178-955597EDA563}"
EndProject
Project("{FAE04EC0-301F-11D3-BF4B-00C04F79EFBC}") = "ControleCustos.Dominio", "ControleCustos.Dominio\ControleCustos.Dominio.csproj", "{26674271-67BE-4598-A033-4D6941CE49D1}"
EndProject
Project("{FAE04EC0-301F-11D3-BF4B-00C04F79EFBC}") = "ControleCustos.Repositorio", "ControleCustos.Repositorio\ControleCustos.Repositorio.csproj", "{55D1F51C-09A8-4192-A1AA-1ED5161B89C5}"
EndProject
Project("{FAE04EC0-301F-11D3-BF4B-00C04F79EFBC}") = "ControleCustos.Infraestrutura", "ControleCustos.Infraestrutura\ControleCustos.Infraestrutura.csproj", "{FBE720CD-5E8E-469B-8388-80712EAEC832}"
EndProject
Project("{FAE04EC0-301F-11D3-BF4B-00C04F79EFBC}") = "ControleCustos.Tests", "ControleCustos.Tests\ControleCustos.Tests.csproj", "{B6FFC007-4877-4EE2-893F-1302177C1E08}"
EndProject
Global
	GlobalSection(SolutionConfigurationPlatforms) = preSolution
		Debug|Any CPU = Debug|Any CPU
		Release|Any CPU = Release|Any CPU
	EndGlobalSection
	GlobalSection(ProjectConfigurationPlatforms) = postSolution
		{C23FA406-9054-4C35-B178-955597EDA563}.Debug|Any CPU.ActiveCfg = Debug|Any CPU
		{C23FA406-9054-4C35-B178-955597EDA563}.Debug|Any CPU.Build.0 = Debug|Any CPU
		{C23FA406-9054-4C35-B178-955597EDA563}.Release|Any CPU.ActiveCfg = Release|Any CPU
		{C23FA406-9054-4C35-B178-955597EDA563}.Release|Any CPU.Build.0 = Release|Any CPU
		{26674271-67BE-4598-A033-4D6941CE49D1}.Debug|Any CPU.ActiveCfg = Debug|Any CPU
		{26674271-67BE-4598-A033-4D6941CE49D1}.Debug|Any CPU.Build.0 = Debug|Any CPU
		{26674271-67BE-4598-A033-4D6941CE49D1}.Release|Any CPU.ActiveCfg = Release|Any CPU
		{26674271-67BE-4598-A033-4D6941CE49D1}.Release|Any CPU.Build.0 = Release|Any CPU
		{55D1F51C-09A8-4192-A1AA-1ED5161B89C5}.Debug|Any CPU.ActiveCfg = Debug|Any CPU
		{55D1F51C-09A8-4192-A1AA-1ED5161B89C5}.Debug|Any CPU.Build.0 = Debug|Any CPU
		{55D1F51C-09A8-4192-A1AA-1ED5161B89C5}.Release|Any CPU.ActiveCfg = Release|Any CPU
		{55D1F51C-09A8-4192-A1AA-1ED5161B89C5}.Release|Any CPU.Build.0 = Release|Any CPU
		{FBE720CD-5E8E-469B-8388-80712EAEC832}.Debug|Any CPU.ActiveCfg = Debug|Any CPU
		{FBE720CD-5E8E-469B-8388-80712EAEC832}.Debug|Any CPU.Build.0 = Debug|Any CPU
		{FBE720CD-5E8E-469B-8388-80712EAEC832}.Release|Any CPU.ActiveCfg = Release|Any CPU
		{FBE720CD-5E8E-469B-8388-80712EAEC832}.Release|Any CPU.Build.0 = Release|Any CPU
		{B6FFC007-4877-4EE2-893F-1302177C1E08}.Debug|Any CPU.ActiveCfg = Debug|Any CPU
		{B6FFC007-4877-4EE2-893F-1302177C1E08}.Debug|Any CPU.Build.0 = Debug|Any CPU
		{B6FFC007-4877-4EE2-893F-1302177C1E08}.Release|Any CPU.ActiveCfg = Release|Any CPU
		{B6FFC007-4877-4EE2-893F-1302177C1E08}.Release|Any CPU.Build.0 = Release|Any CPU
	EndGlobalSection
	GlobalSection(SolutionProperties) = preSolution
		HideSolutionNode = FALSE
	EndGlobalSection
EndGlobal
